github.com/andybalholm/brotli v1.2.3 h1:8H1qwOkl2LPfjf3YezB90JnCliZb6SInJ/OJkEbA5NQ=
github.com/andybalholm/brotli v1.2.3/go.mod h1:rzTDkvFWvIrjDXZHkuS16NPggd91W3kUSvPlQ1pLaKY=
github.com/cpuguy83/go-md2man/v2 v2.0.6/go.mod h1:oOW0eioCTA6cOiMLiUPZOpcVxMig6NIQQ7OS05n1F4g=
github.com/dlclark/regexp2 v1.11.0 git:05e6ac2ab64bbfb3b0ece82156906edbe794b140
github.com/dlclark/regexp2 v1.11.0 h1:G/nrcoOa7ZXlpoa/91N3X7mM3r8eIlMBBJZvsz/mxKI=
github.com/dlclark/regexp2 v1.11.0/go.mod git:05e6ac2ab64bbfb3b0ece82156906edbe794b140
github.com/dlclark/regexp2 v1.11.0/go.mod h1:DHkYz0B9wPfa6wondMfaivmHpzrQ3v9q8cnmRbL6yW8=
github.com/go-quicktest/qt v1.102.0 h1:HSQxCeh5YZH3EL3W39ixjtyaEhcWSXQHtHnMBzSs474=
github.com/go-quicktest/qt v1.102.0/go.mod h1:p4lGIVX+8Wa6ZPNDvqcxq36XpUDLh42FLetFU7odllI=
github.com/google/go-cmp v0.7.0 h1:wk8382ETsv4JYUZwIsn6YpYiWiBsYLSJiTsyBybVuN8=
github.com/google/go-cmp v0.7.0/go.mod h1:pXiqmnSA92OHEEa9HXL2W4E7lf9JzCmGVUdgjX3N/iU=
github.com/gorilla/websocket v1.5.3 h1:saDtZ6Pbx/0u+bgYQ3q96pZgCzfhKXGPqt7kZ72aNNg=
github.com/gorilla/websocket v1.5.3/go.mod h1:YR8l580nyteQvAITg2hZ9XVh4b55+EU/adAjf1fMHhE=
github.com/hashicorp/golang-lru/v2 v2.0.7 h1:a+bsQ5rvGLjzHuww6tVxozPZFVghXaHOwFs4luLUK2k=
github.com/hashicorp/golang-lru/v2 v2.0.7/go.mod h1:QeFd9opnmA6QUJc5vARoKUSoFhyfM2/ZepoAG6RGpeM=
github.com/inconshreveable/mousetrap v1.1.0 h1:wN+x4NVGpMsO7ErUn/mUI3vEoE6Jt13X2s0bqwp9tc8=
github.com/inconshreveable/mousetrap v1.1.0/go.mod h1:vpF70FUmC8bwa3OWnCshd2FqLfsEA9PFc4w1p2J65bw=
github.com/jdkato/prose/v3 v3.2.1 h1:yaQMEjBkCe3+mUlgXIM5mJKf0Z6/vrrvBSqzCSTbf+U=
github.com/jdkato/prose/v3 v3.2.1/go.mod h1:VRQyR/EyA6bX457JTCIF67n04ycHek4v6v0veGiJvUk=
github.com/klauspost/compress v1.20.0 h1:a3C1ke2ohxFymNlb2HWAHjDeKCI90scRskErZkR0ezA=
github.com/klauspost/compress v1.20.0/go.mod h1:LUdAzn7YLVvxLpc7y3V1m40wESHTgc1422pwwBSKYuI=
github.com/kr/pretty v0.3.1 h1:flRD4NNwYAUpkphVc1HcthR4KEIFJ65n8Mw5qdRn3LE=
github.com/kr/pretty v0.3.1/go.mod h1:hoEshYVHaxMs3cyo3Yncou5ZscifuDolrwPKZanG3xk=
github.com/kr/text v0.2.0 h1:5Nx0Ya0ZqY2ygV366QzturHI13Jq95ApcVaJBhpS+AY=
github.com/kr/text v0.2.0/go.mod h1:eLer722TekiGuMkidMxC/pM04lWEeraHUUmBw8l2grE=
github.com/mvdan/sh/v3 v3.14.1 h1:rRS2RhM8x3bfYHYyx24qdSsgKaoGDcptFLIzlSqsurY=
github.com/mvdan/sh/v3 v3.14.1/go.mod h1:syYCoFET8w9tvevxiXUtY8/ICrU+l26jHmhJDra3Vwo=
github.com/pmezard/go-difflib v1.0.0 h1:4DBwDE0NGyQoBHbLQYPwSUPoCMWR5BEzIk/f1lZbAQM=
github.com/pmezard/go-difflib v1.0.0/go.mod h1:iKH77koFhYxTK1pcRnkKkqfTogsbg7gZNVY4sRDYZ/4=
github.com/rogpeppe/go-internal v1.15.0 h1:D0RCU5rMAp+SpgkiNdrjfJ+LX4J1M32V2NeCY7EJ6hc=
github.com/rogpeppe/go-internal v1.15.0/go.mod h1:DrUVZyrJU+txYW5/1kwtXQSMFio52ZOxX7yM1VHvnxs=
github.com/russross/blackfriday/v2 v2.1.0/go.mod h1:+Rmxgy9KzJVeS9/2gXHxylqXiyQDYRxCVz55jmeOWTM=
github.com/santhosh-tekuri/jsonschema/v6 v6.0.2 git:29cbed948d24a04700eb94436416b18a07953b71
github.com/santhosh-tekuri/jsonschema/v6 v6.0.2/go.mod git:29cbed948d24a04700eb94436416b18a07953b71
github.com/santhosh-tekuri/jsonschema/v6 v6.0.2/go.mod h1:JXeL+ps8p7/KNMjDQk3TCwPpBy0wYklyWTfbkIzdIFU=
github.com/sourcegraph/go-lsp v0.0.0-20240223163137-f80c5dd31dfd h1:Dq5WSzWsP1TbVi10zPWBI5LKEBDg4Y1OhWEph1wr5WQ=
github.com/sourcegraph/go-lsp v0.0.0-20240223163137-f80c5dd31dfd/go.mod h1:SULmZY7YNBsvNiQbrb/BEDdEJ84TGnfyUQxaHt8t8rY=
github.com/sourcegraph/jsonrpc2 v0.2.3 h1:0VYp5WZ2irQvRK8OKKxZAbbplj6Pmda07MXm+Mdz3GQ=
github.com/sourcegraph/jsonrpc2 v0.2.3/go.mod h1:0jBvyko0tdLpe6ntNSF/mvFalb/RPRXcmogoV47cEWc=
github.com/spf13/cobra v1.10.2 h1:DMTTonx5m65Ic0GOoRY2c16WCbHxOOw6xxezuLaBpcU=
github.com/spf13/cobra v1.10.2/go.mod h1:7C1pvHqHw5A4vrJfjNwvOdzYu0Gml16OCs2GRiTUUS4=
github.com/spf13/pflag v1.0.9 h1:9exaQaMOCwffKiiiYk6/BndUBv+iRViNW+4lEMi0PvY=
github.com/spf13/pflag v1.0.9/go.mod h1:McXfInJRrz4CZXVZOBLb0bTZqETkiAhM9Iw0y3An2Bg=
github.com/stretchr/testify v1.12.1 h1:EuwCh5fleGS7H32xRwO3wRGT7DxrDhLAT6FF8MpWDWE=
github.com/stretchr/testify v1.12.1/go.mod h1:MDEgiDPPsNp5cuIrHPPCyornHKgEVbtFUmoNlxoYthg=
github.com/tidwall/jsonc v0.3.3 git:47bcc8d156812b0ba7ee42372b2259b645e9a092
github.com/tidwall/jsonc v0.3.3 h1:RVQqL3xFfDkKKXIDsrBiVQiEpBtxoKbmMXONb2H/y2w=
github.com/tidwall/jsonc v0.3.3/go.mod git:47bcc8d156812b0ba7ee42372b2259b645e9a092
github.com/tidwall/jsonc v0.3.3/go.mod h1:dw+3CIxqHi+t8eFSpzzMlcVYxKp08UP5CD8/uSFCyJE=
github.com/yuin/goldmark v1.8.6 h1:d0VcaP1sx9GkFVkoW+KtggpGi2KZ965i14b0+bDQST4=
github.com/yuin/goldmark v1.8.6/go.mod h1:ip/1k0VRfGynBgxOz0yCqHrbZXhcjxyuS66Brc7iBKg=
go.yaml.in/yaml/v3 v3.0.4/go.mod h1:DhzuOOF2ATzADvBadXxruRBLzYTpT36CKvDb3+aBEFg=
go.yaml.in/yaml/v3 v3.0.5 h1:N6y/pJk8buWs9NY5ERU2HSMfm+IuD/OtfdAnq6kESPw=
go.yaml.in/yaml/v3 v3.0.5/go.mod h1:HVTZu1O7/Vkt2N+BFy8Zza+lnLsABggaTM2ZpNIGuKg=
golang.org/x/text v0.14.0 h1:ScX5w1eTa3QqT8oi6+ziP7dTV1S2+ALU0bI+0zXKWiQ=
golang.org/x/text v0.14.0/go.mod h1:18ZOQIKpY8NJVqYksKHtTdi31H5itFRjB5/qKTNYzSU=
gopkg.in/check.v1 v0.0.0-20161208181325-20d25e280405/go.mod h1:Co6ibVJAznAaIkqp8huTwlJQCZ016jof/cbN4VW5Yz0=
